// !$*UTF8*$!
{
	archiveVersion = 1;
	classes = {
	};
	objectVersion = 56;
	objects = {

/* Begin PBXBuildFile section */
		D717947B2AC7080E00F0EA64 /* AppDelegate.swift in Sources */ = {isa = PBXBuildFile; fileRef = D717947A2AC7080E00F0EA64 /* AppDelegate.swift */; };
		D717947D2AC7080E00F0EA64 /* SceneDelegate.swift in Sources */ = {isa = PBXBuildFile; fileRef = D717947C2AC7080E00F0EA64 /* SceneDelegate.swift */; };
		D717947F2AC7080E00F0EA64 /* ViewController.swift in Sources */ = {isa = PBXBuildFile; fileRef = D717947E2AC7080E00F0EA64 /* ViewController.swift */; };
		D71794822AC7080E00F0EA64 /* Main.storyboard in Resources */ = {isa = PBXBuildFile; fileRef = D71794802AC7080E00F0EA64 /* Main.storyboard */; };
		D71794842AC7080F00F0EA64 /* Assets.xcassets in Resources */ = {isa = PBXBuildFile; fileRef = D71794832AC7080F00F0EA64 /* Assets.xcassets */; };
		D71794872AC7080F00F0EA64 /* LaunchScreen.storyboard in Resources */ = {isa = PBXBuildFile; fileRef = D71794852AC7080F00F0EA64 /* LaunchScreen.storyboard */; };
		D71794922AC7080F00F0EA64 /* NYCSchoolTests.swift in Sources */ = {isa = PBXBuildFile; fileRef = D71794912AC7080F00F0EA64 /* NYCSchoolTests.swift */; };
		D717949C2AC7080F00F0EA64 /* NYCSchoolUITests.swift in Sources */ = {isa = PBXBuildFile; fileRef = D717949B2AC7080F00F0EA64 /* NYCSchoolUITests.swift */; };
		D717949E2AC7080F00F0EA64 /* NYCSchoolUITestsLaunchTests.swift in Sources */ = {isa = PBXBuildFile; fileRef = D717949D2AC7080F00F0EA64 /* NYCSchoolUITestsLaunchTests.swift */; };
/* End PBXBuildFile section */

/* Begin PBXContainerItemProxy section */
		D717948E2AC7080F00F0EA64 /* PBXContainerItemProxy */ = {
			isa = PBXContainerItemProxy;
			containerPortal = D717946F2AC7080E00F0EA64 /* Project object */;
			proxyType = 1;
			remoteGlobalIDString = D71794762AC7080E00F0EA64;
			remoteInfo = NYCSchool;
		};
		D71794982AC7080F00F0EA64 /* PBXContainerItemProxy */ = {
			isa = PBXContainerItemProxy;
			containerPortal = D717946F2AC7080E00F0EA64 /* Project object */;
			proxyType = 1;
			remoteGlobalIDString = D71794762AC7080E00F0EA64;
			remoteInfo = NYCSchool;
		};
/* End PBXContainerItemProxy section */

/* Begin PBXFileReference section */
		D71794772AC7080E00F0EA64 /* NYCSchool.app */ = {isa = PBXFileReference; explicitFileType = wrapper.application; includeInIndex = 0; path = NYCSchool.app; sourceTree = BUILT_PRODUCTS_DIR; };
		D717947A2AC7080E00F0EA64 /* AppDelegate.swift */ = {isa = PBXFileReference; lastKnownFileType = sourcecode.swift; path = AppDelegate.swift; sourceTree = "<group>"; };
		D717947C2AC7080E00F0EA64 /* SceneDelegate.swift */ = {isa = PBXFileReference; lastKnownFileType = sourcecode.swift; path = SceneDelegate.swift; sourceTree = "<group>"; };
		D717947E2AC7080E00F0EA64 /* ViewController.swift */ = {isa = PBXFileReference; lastKnownFileType = sourcecode.swift; path = ViewController.swift; sourceTree = "<group>"; };
		D71794812AC7080E00F0EA64 /* Base */ = {isa = PBXFileReference; lastKnownFileType = file.storyboard; name = Base; path = Base.lproj/Main.storyboard; sourceTree = "<group>"; };
		D71794832AC7080F00F0EA64 /* Assets.xcassets */ = {isa = PBXFileReference; lastKnownFileType = folder.assetcatalog; path = Assets.xcassets; sourceTree = "<group>"; };
		D71794862AC7080F00F0EA64 /* Base */ = {isa = PBXFileReference; lastKnownFileType = file.storyboard; name = Base; path = Base.lproj/LaunchScreen.storyboard; sourceTree = "<group>"; };
		D71794882AC7080F00F0EA64 /* Info.plist */ = {isa = PBXFileReference; lastKnownFileType = text.plist.xml; path = Info.plist; sourceTree = "<group>"; };
		D717948D2AC7080F00F0EA64 /* NYCSchoolTests.xctest */ = {isa = PBXFileReference; explicitFileType = wrapper.cfbundle; includeInIndex = 0; path = NYCSchoolTests.xctest; sourceTree = BUILT_PRODUCTS_DIR; };
		D71794912AC7080F00F0EA64 /* NYCSchoolTests.swift */ = {isa = PBXFileReference; lastKnownFileType = sourcecode.swift; path = NYCSchoolTests.swift; sourceTree = "<group>"; };
		D71794972AC7080F00F0EA64 /* NYCSchoolUITests.xctest */ = {isa = PBXFileReference; explicitFileType = wrapper.cfbundle; includeInIndex = 0; path = NYCSchoolUITests.xctest; sourceTree = BUILT_PRODUCTS_DIR; };
		D717949B2AC7080F00F0EA64 /* NYCSchoolUITests.swift */ = {isa = PBXFileReference; lastKnownFileType = sourcecode.swift; path = NYCSchoolUITests.swift; sourceTree = "<group>"; };
		D717949D2AC7080F00F0EA64 /* NYCSchoolUITestsLaunchTests.swift */ = {isa = PBXFileReference; lastKnownFileType = sourcecode.swift; path = NYCSchoolUITestsLaunchTests.swift; sourceTree = "<group>"; };
/* End PBXFileReference section */

/* Begin PBXFrameworksBuildPhase section */
		D71794742AC7080E00F0EA64 /* Frameworks */ = {
			isa = PBXFrameworksBuildPhase;
			buildActionMask = 2147483647;
			files = (
			);
			runOnlyForDeploymentPostprocessing = 0;
		};
		D717948A2AC7080F00F0EA64 /* Frameworks */ = {
			isa = PBXFrameworksBuildPhase;
			buildActionMask = 2147483647;
			files = (
			);
			runOnlyForDeploymentPostprocessing = 0;
		};
		D71794942AC7080F00F0EA64 /* Frameworks */ = {
			isa = PBXFrameworksBuildPhase;
			buildActionMask = 2147483647;
			files = (
			);
			runOnlyForDeploymentPostprocessing = 0;
		};
/* End PBXFrameworksBuildPhase section */

/* Begin PBXGroup section */
		D717946E2AC7080E00F0EA64 = {
			isa = PBXGroup;
			children = (
				D71794792AC7080E00F0EA64 /* NYCSchool */,
				D71794902AC7080F00F0EA64 /* NYCSchoolTests */,
				D717949A2AC7080F00F0EA64 /* NYCSchoolUITests */,
				D71794782AC7080E00F0EA64 /* Products */,
			);
			sourceTree = "<group>";
		};
		D71794782AC7080E00F0EA64 /* Products */ = {
			isa = PBXGroup;
			children = (
				D71794772AC7080E00F0EA64 /* NYCSchool.app */,
				D717948D2AC7080F00F0EA64 /* NYCSchoolTests.xctest */,
				D71794972AC7080F00F0EA64 /* NYCSchoolUITests.xctest */,
			);
			name = Products;
			sourceTree = "<group>";
		};
		D71794792AC7080E00F0EA64 /* NYCSchool */ = {
			isa = PBXGroup;
			children = (
				D717947A2AC7080E00F0EA64 /* AppDelegate.swift */,
				D717947C2AC7080E00F0EA64 /* SceneDelegate.swift */,
				D717947E2AC7080E00F0EA64 /* ViewController.swift */,
				D71794802AC7080E00F0EA64 /* Main.storyboard */,
				D71794832AC7080F00F0EA64 /* Assets.xcassets */,
				D71794852AC7080F00F0EA64 /* LaunchScreen.storyboard */,
				D71794882AC7080F00F0EA64 /* Info.plist */,
			);
			path = NYCSchool;
			sourceTree = "<group>";
		};
		D71794902AC7080F00F0EA64 /* NYCSchoolTests */ = {
			isa = PBXGroup;
			children = (
				D71794912AC7080F00F0EA64 /* NYCSchoolTests.swift */,
			);
			path = NYCSchoolTests;
			sourceTree = "<group>";
		};
		D717949A2AC7080F00F0EA64 /* NYCSchoolUITests */ = {
			isa = PBXGroup;
			children = (
				D717949B2AC7080F00F0EA64 /* NYCSchoolUITests.swift */,
				D717949D2AC7080F00F0EA64 /* NYCSchoolUITestsLaunchTests.swift */,
			);
			path = NYCSchoolUITests;
			sourceTree = "<group>";
		};
/* End PBXGroup section */

/* Begin PBXNativeTarget section */
		D71794762AC7080E00F0EA64 /* NYCSchool */ = {
			isa = PBXNativeTarget;
			buildConfigurationList = D71794A12AC7080F00F0EA64 /* Build configuration list for PBXNativeTarget "NYCSchool" */;
			buildPhases = (
				D71794732AC7080E00F0EA64 /* Sources */,
				D71794742AC7080E00F0EA64 /* Frameworks */,
				D71794752AC7080E00F0EA64 /* Resources */,
			);
			buildRules = (
			);
			dependencies = (
			);
			name = NYCSchool;
			productName = NYCSchool;
			productReference = D71794772AC7080E00F0EA64 /* NYCSchool.app */;
			productType = "com.apple.product-type.application";
		};
		D717948C2AC7080F00F0EA64 /* NYCSchoolTests */ = {
			isa = PBXNativeTarget;
			buildConfigurationList = D71794A42AC7080F00F0EA64 /* Build configuration list for PBXNativeTarget "NYCSchoolTests" */;
			buildPhases = (
				D71794892AC7080F00F0EA64 /* Sources */,
				D717948A2AC7080F00F0EA64 /* Frameworks */,
				D717948B2AC7080F00F0EA64 /* Resources */,
			);
			buildRules = (
			);
			dependencies = (
				D717948F2AC7080F00F0EA64 /* PBXTargetDependency */,
			);
			name = NYCSchoolTests;
			productName = NYCSchoolTests;
			productReference = D717948D2AC7080F00F0EA64 /* NYCSchoolTests.xctest */;
			productType = "com.apple.product-type.bundle.unit-test";
		};
		D71794962AC7080F00F0EA64 /* NYCSchoolUITests */ = {
			isa = PBXNativeTarget;
			buildConfigurationList = D71794A72AC7080F00F0EA64 /* Build configuration list for PBXNativeTarget "NYCSchoolUITests" */;
			buildPhases = (
				D71794932AC7080F00F0EA64 /* Sources */,
				D71794942AC7080F00F0EA64 /* Frameworks */,
				D71794952AC7080F00F0EA64 /* Resources */,
			);
			buildRules = (
			);
			dependencies = (
				D71794992AC7080F00F0EA64 /* PBXTargetDependency */,
			);
			name = NYCSchoolUITests;
			productName = NYCSchoolUITests;
			productReference = D71794972AC7080F00F0EA64 /* NYCSchoolUITests.xctest */;
			productType = "com.apple.product-type.bundle.ui-testing";
		};
/* End PBXNativeTarget section */

/* Begin PBXProject section */
		D717946F2AC7080E00F0EA64 /* Project object */ = {
			isa = PBXProject;
			attributes = {
				BuildIndependentTargetsInParallel = 1;
				LastSwiftUpdateCheck = 1500;
				LastUpgradeCheck = 1500;
				TargetAttributes = {
					D71794762AC7080E00F0EA64 = {
						CreatedOnToolsVersion = 15.0;
					};
					D717948C2AC7080F00F0EA64 = {
						CreatedOnToolsVersion = 15.0;
						TestTargetID = D71794762AC7080E00F0EA64;
					};
					D71794962AC7080F00F0EA64 = {
						CreatedOnToolsVersion = 15.0;
						TestTargetID = D71794762AC7080E00F0EA64;
					};
				};
			};
			buildConfigurationList = D71794722AC7080E00F0EA64 /* Build configuration list for PBXProject "NYCSchool" */;
			compatibilityVersion = "Xcode 14.0";
			developmentRegion = en;
			hasScannedForEncodings = 0;
			knownRegions = (
				en,
				Base,
			);
			mainGroup = D717946E2AC7080E00F0EA64;
			productRefGroup = D71794782AC7080E00F0EA64 /* Products */;
			projectDirPath = "";
			projectRoot = "";
			targets = (
				D71794762AC7080E00F0EA64 /* NYCSchool */,
				D717948C2AC7080F00F0EA64 /* NYCSchoolTests */,
				D71794962AC7080F00F0EA64 /* NYCSchoolUITests */,
			);
		};
/* End PBXProject section */

/* Begin PBXResourcesBuildPhase section */
		D71794752AC7080E00F0EA64 /* Resources */ = {
			isa = PBXResourcesBuildPhase;
			buildActionMask = 2147483647;
			files = (
				D71794872AC7080F00F0EA64 /* LaunchScreen.storyboard in Resources */,
				D71794842AC7080F00F0EA64 /* Assets.xcassets in Resources */,
				D71794822AC7080E00F0EA64 /* Main.storyboard in Resources */,
			);
			runOnlyForDeploymentPostprocessing = 0;
		};
		D717948B2AC7080F00F0EA64 /* Resources */ = {
			isa = PBXResourcesBuildPhase;
			buildActionMask = 2147483647;
			files = (
			);
			runOnlyForDeploymentPostprocessing = 0;
		};
		D71794952AC7080F00F0EA64 /* Resources */ = {
			isa = PBXResourcesBuildPhase;
			buildActionMask = 2147483647;
			files = (
			);
			runOnlyForDeploymentPostprocessing = 0;
		};
/* End PBXResourcesBuildPhase section */

/* Begin PBXSourcesBuildPhase section */
		D71794732AC7080E00F0EA64 /* Sources */ = {
			isa = PBXSourcesBuildPhase;
			buildActionMask = 2147483647;
			files = (
				D717947F2AC7080E00F0EA64 /* ViewController.swift in Sources */,
				D717947B2AC7080E00F0EA64 /* AppDelegate.swift in Sources */,
				D717947D2AC7080E00F0EA64 /* SceneDelegate.swift in Sources */,
			);
			runOnlyForDeploymentPostprocessing = 0;
		};
		D71794892AC7080F00F0EA64 /* Sources */ = {
			isa = PBXSourcesBuildPhase;
			buildActionMask = 2147483647;
			files = (
				D71794922AC7080F00F0EA64 /* NYCSchoolTests.swift in Sources */,
			);
			runOnlyForDeploymentPostprocessing = 0;
		};
		D71794932AC7080F00F0EA64 /* Sources */ = {
			isa = PBXSourcesBuildPhase;
			buildActionMask = 2147483647;
			files = (
				D717949C2AC7080F00F0EA64 /* NYCSchoolUITests.swift in Sources */,
				D717949E2AC7080F00F0EA64 /* NYCSchoolUITestsLaunchTests.swift in Sources */,
			);
			runOnlyForDeploymentPostprocessing = 0;
		};
/* End PBXSourcesBuildPhase section */

/* Begin PBXTargetDependency section */
		D717948F2AC7080F00F0EA64 /* PBXTargetDependency */ = {
			isa = PBXTargetDependency;
			target = D71794762AC7080E00F0EA64 /* NYCSchool */;
			targetProxy = D717948E2AC7080F00F0EA64 /* PBXContainerItemProxy */;
		};
		D71794992AC7080F00F0EA64 /* PBXTargetDependency */ = {
			isa = PBXTargetDependency;
			target = D71794762AC7080E00F0EA64 /* NYCSchool */;
			targetProxy = D71794982AC7080F00F0EA64 /* PBXContainerItemProxy */;
		};
/* End PBXTargetDependency section */

/* Begin PBXVariantGroup section */
		D71794802AC7080E00F0EA64 /* Main.storyboard */ = {
			isa = PBXVariantGroup;
			children = (
				D71794812AC7080E00F0EA64 /* Base */,
			);
			name = Main.storyboard;
			sourceTree = "<group>";
		};
		D71794852AC7080F00F0EA64 /* LaunchScreen.storyboard */ = {
			isa = PBXVariantGroup;
			children = (
				D71794862AC7080F00F0EA64 /* Base */,
			);
			name = LaunchScreen.storyboard;
			sourceTree = "<group>";
		};
/* End PBXVariantGroup section */

/* Begin XCBuildConfiguration section */
		D717949F2AC7080F00F0EA64 /* Debug */ = {
			isa = XCBuildConfiguration;
			buildSettings = {
				ALWAYS_SEARCH_USER_PATHS = NO;
				ASSETCATALOG_COMPILER_GENERATE_SWIFT_ASSET_SYMBOL_EXTENSIONS = YES;
				CLANG_ANALYZER_NONNULL = YES;
				CLANG_ANALYZER_NUMBER_OBJECT_CONVERSION = YES_AGGRESSIVE;
				CLANG_CXX_LANGUAGE_STANDARD = "gnu++20";
				CLANG_ENABLE_MODULES = YES;
				CLANG_ENABLE_OBJC_ARC = YES;
				CLANG_ENABLE_OBJC_WEAK = YES;
				CLANG_WARN_BLOCK_CAPTURE_AUTORELEASING = YES;
				CLANG_WARN_BOOL_CONVERSION = YES;
				CLANG_WARN_COMMA = YES;
				CLANG_WARN_CONSTANT_CONVERSION = YES;
				CLANG_WARN_DEPRECATED_OBJC_IMPLEMENTATIONS = YES;
				CLANG_WARN_DIRECT_OBJC_ISA_USAGE = YES_ERROR;
				CLANG_WARN_DOCUMENTATION_COMMENTS = YES;
				CLANG_WARN_EMPTY_BODY = YES;
				CLANG_WARN_ENUM_CONVERSION = YES;
				CLANG_WARN_INFINITE_RECURSION = YES;
				CLANG_WARN_INT_CONVERSION = YES;
				CLANG_WARN_NON_LITERAL_NULL_CONVERSION = YES;
				CLANG_WARN_OBJC_IMPLICIT_RETAIN_SELF = YES;
				CLANG_WARN_OBJC_LITERAL_CONVERSION = YES;
				CLANG_WARN_OBJC_ROOT_CLASS = YES_ERROR;
				CLANG_WARN_QUOTED_INCLUDE_IN_FRAMEWORK_HEADER = YES;
				CLANG_WARN_RANGE_LOOP_ANALYSIS = YES;
				CLANG_WARN_STRICT_PROTOTYPES = YES;
				CLANG_WARN_SUSPICIOUS_MOVE = YES;
				CLANG_WARN_UNGUARDED_AVAILABILITY = YES_AGGRESSIVE;
				CLANG_WARN_UNREACHABLE_CODE = YES;
				CLANG_WARN__DUPLICATE_METHOD_MATCH = YES;
				COPY_PHASE_STRIP = NO;
				DEBUG_INFORMATION_FORMAT = dwarf;
				ENABLE_STRICT_OBJC_MSGSEND = YES;
				ENABLE_TESTABILITY = YES;
				ENABLE_USER_SCRIPT_SANDBOXING = YES;
				GCC_C_LANGUAGE_STANDARD = gnu17;
				GCC_DYNAMIC_NO_PIC = NO;
				GCC_NO_COMMON_BLOCKS = YES;
				GCC_OPTIMIZATION_LEVEL = 0;
				GCC_PREPROCESSOR_DEFINITIONS = (
					"DEBUG=1",
					"$(inherited)",
				);
				GCC_WARN_64_TO_32_BIT_CONVERSION = YES;
				GCC_WARN_ABOUT_RETURN_TYPE = YES_ERROR;
				GCC_WARN_UNDECLARED_SELECTOR = YES;
				GCC_WARN_UNINITIALIZED_AUTOS = YES_AGGRESSIVE;
				GCC_WARN_UNUSED_FUNCTION = YES;
				GCC_WARN_UNUSED_VARIABLE = YES;
				IPHONEOS_DEPLOYMENT_TARGET = 17.0;
				LOCALIZATION_PREFERS_STRING_CATALOGS = YES;
				MTL_ENABLE_DEBUG_INFO = INCLUDE_SOURCE;
				MTL_FAST_MATH = YES;
				ONLY_ACTIVE_ARCH = YES;
				SDKROOT = iphoneos;
				SWIFT_ACTIVE_COMPILATION_CONDITIONS = "DEBUG $(inherited)";
				SWIFT_OPTIMIZATION_LEVEL = "-Onone";
			};
			name = Debug;
		};
		D71794A02AC7080F00F0EA64 /* Release */ = {
			isa = XCBuildConfiguration;
			buildSettings = {
				ALWAYS_SEARCH_USER_PATHS = NO;
				ASSETCATALOG_COMPILER_GENERATE_SWIFT_ASSET_SYMBOL_EXTENSIONS = YES;
				CLANG_ANALYZER_NONNULL = YES;
				CLANG_ANALYZER_NUMBER_OBJECT_CONVERSION = YES_AGGRESSIVE;
				CLANG_CXX_LANGUAGE_STANDARD = "gnu++20";
				CLANG_ENABLE_MODULES = YES;
				CLANG_ENABLE_OBJC_ARC = YES;
				CLANG_ENABLE_OBJC_WEAK = YES;
				CLANG_WARN_BLOCK_CAPTURE_AUTORELEASING = YES;
				CLANG_WARN_BOOL_CONVERSION = YES;
				CLANG_WARN_COMMA = YES;
				CLANG_WARN_CONSTANT_CONVERSION = YES;
				CLANG_WARN_DEPRECATED_OBJC_IMPLEMENTATIONS = YES;
				CLANG_WARN_DIRECT_OBJC_ISA_USAGE = YES_ERROR;
				CLANG_WARN_DOCUMENTATION_COMMENTS = YES;
				CLANG_WARN_EMPTY_BODY = YES;
				CLANG_WARN_ENUM_CONVERSION = YES;
				CLANG_WARN_INFINITE_RECURSION = YES;
				CLANG_WARN_INT_CONVERSION = YES;
				CLANG_WARN_NON_LITERAL_NULL_CONVERSION = YES;
				CLANG_WARN_OBJC_IMPLICIT_RETAIN_SELF = YES;
				CLANG_WARN_OBJC_LITERAL_CONVERSION = YES;
				CLANG_WARN_OBJC_ROOT_CLASS = YES_ERROR;
				CLANG_WARN_QUOTED_INCLUDE_IN_FRAMEWORK_HEADER = YES;
				CLANG_WARN_RANGE_LOOP_ANALYSIS = YES;
				CLANG_WARN_STRICT_PROTOTYPES = YES;
				CLANG_WARN_SUSPICIOUS_MOVE = YES;
				CLANG_WARN_UNGUARDED_AVAILABILITY = YES_AGGRESSIVE;
				CLANG_WARN_UNREACHABLE_CODE = YES;
				CLANG_WARN__DUPLICATE_METHOD_MATCH = YES;
				COPY_PHASE_STRIP = NO;
				DEBUG_INFORMATION_FORMAT = "dwarf-with-dsym";
				ENABLE_NS_ASSERTIONS = NO;
				ENABLE_STRICT_OBJC_MSGSEND = YES;
				ENABLE_USER_SCRIPT_SANDBOXING = YES;
				GCC_C_LANGUAGE_STANDARD = gnu17;
				GCC_NO_COMMON_BLOCKS = YES;
				GCC_WARN_64_TO_32_BIT_CONVERSION = YES;
				GCC_WARN_ABOUT_RETURN_TYPE = YES_ERROR;
				GCC_WARN_UNDECLARED_SELECTOR = YES;
				GCC_WARN_UNINITIALIZED_AUTOS = YES_AGGRESSIVE;
				GCC_WARN_UNUSED_FUNCTION = YES;
				GCC_WARN_UNUSED_VARIABLE = YES;
				IPHONEOS_DEPLOYMENT_TARGET = 17.0;
				LOCALIZATION_PREFERS_STRING_CATALOGS = YES;
				MTL_ENABLE_DEBUG_INFO = NO;
				MTL_FAST_MATH = YES;
				SDKROOT = iphoneos;
				SWIFT_COMPILATION_MODE = wholemodule;
				VALIDATE_PRODUCT = YES;
			};
			name = Release;
		};
		D71794A22AC7080F00F0EA64 /* Debug */ = {
			isa = XCBuildConfiguration;
			buildSettings = {
				ASSETCATALOG_COMPILER_APPICON_NAME = AppIcon;
				ASSETCATALOG_COMPILER_GLOBAL_ACCENT_COLOR_NAME = AccentColor;
				CODE_SIGN_STYLE = Automatic;
				CURRENT_PROJECT_VERSION = 1;
				GENERATE_INFOPLIST_FILE = YES;
				INFOPLIST_FILE = NYCSchool/Info.plist;
				INFOPLIST_KEY_UIApplicationSupportsIndirectInputEvents = YES;
				INFOPLIST_KEY_UILaunchStoryboardName = LaunchScreen;
				INFOPLIST_KEY_UIMainStoryboardFile = Main;
				INFOPLIST_KEY_UISupportedInterfaceOrientations_iPad = "UIInterfaceOrientationPortrait UIInterfaceOrientationPortraitUpsideDown UIInterfaceOrientationLandscapeLeft UIInterfaceOrientationLandscapeRight";
				INFOPLIST_KEY_UISupportedInterfaceOrientations_iPhone = "UIInterfaceOrientationPortrait UIInterfaceOrientationLandscapeLeft UIInterfaceOrientationLandscapeRight";
				LD_RUNPATH_SEARCH_PATHS = (
					"$(inherited)",
					"@executable_path/Frameworks",
				);
				MARKETING_VERSION = 1.0;
				PRODUCT_BUNDLE_IDENTIFIER = eliezer.antonio.NYCSchool;
				PRODUCT_NAME = "$(TARGET_NAME)";
				SWIFT_EMIT_LOC_STRINGS = YES;
				SWIFT_VERSION = 5.0;
				TARGETED_DEVICE_FAMILY = "1,2";
			};
			name = Debug;
		};
		D71794A32AC7080F00F0EA64 /* Release */ = {
			isa = XCBuildConfiguration;
			buildSettings = {
				ASSETCATALOG_COMPILER_APPICON_NAME = AppIcon;
				ASSETCATALOG_COMPILER_GLOBAL_ACCENT_COLOR_NAME = AccentColor;
				CODE_SIGN_STYLE = Automatic;
				CURRENT_PROJECT_VERSION = 1;
				GENERATE_INFOPLIST_FILE = YES;
				INFOPLIST_FILE = NYCSchool/Info.plist;
				INFOPLIST_KEY_UIApplicationSupportsIndirectInputEvents = YES;
				INFOPLIST_KEY_UILaunchStoryboardName = LaunchScreen;
				INFOPLIST_KEY_UIMainStoryboardFile = Main;
				INFOPLIST_KEY_UISupportedInterfaceOrientations_iPad = "UIInterfaceOrientationPortrait UIInterfaceOrientationPortraitUpsideDown UIInterfaceOrientationLandscapeLeft UIInterfaceOrientationLandscapeRight";
				INFOPLIST_KEY_UISupportedInterfaceOrientations_iPhone = "UIInterfaceOrientationPortrait UIInterfaceOrientationLandscapeLeft UIInterfaceOrientationLandscapeRight";
				LD_RUNPATH_SEARCH_PATHS = (
					"$(inherited)",
					"@executable_path/Frameworks",
				);
				MARKETING_VERSION = 1.0;
				PRODUCT_BUNDLE_IDENTIFIER = eliezer.antonio.NYCSchool;
				PRODUCT_NAME = "$(TARGET_NAME)";
				SWIFT_EMIT_LOC_STRINGS = YES;
				SWIFT_VERSION = 5.0;
				TARGETED_DEVICE_FAMILY = "1,2";
			};
			name = Release;
		};
		D71794A52AC7080F00F0EA64 /* Debug */ = {
			isa = XCBuildConfiguration;
			buildSettings = {
				ALWAYS_EMBED_SWIFT_STANDARD_LIBRARIES = YES;
				BUNDLE_LOADER = "$(TEST_HOST)";
				CODE_SIGN_STYLE = Automatic;
				CURRENT_PROJECT_VERSION = 1;
				GENERATE_INFOPLIST_FILE = YES;
				IPHONEOS_DEPLOYMENT_TARGET = 17.0;
				MARKETING_VERSION = 1.0;
				PRODUCT_BUNDLE_IDENTIFIER = eliezer.antonio.NYCSchoolTests;
				PRODUCT_NAME = "$(TARGET_NAME)";
				SWIFT_EMIT_LOC_STRINGS = NO;
				SWIFT_VERSION = 5.0;
				TARGETED_DEVICE_FAMILY = "1,2";
				TEST_HOST = "$(BUILT_PRODUCTS_DIR)/NYCSchool.app/$(BUNDLE_EXECUTABLE_FOLDER_PATH)/NYCSchool";
			};
			name = Debug;
		};
		D71794A62AC7080F00F0EA64 /* Release */ = {
			isa = XCBuildConfiguration;
			buildSettings = {
				ALWAYS_EMBED_SWIFT_STANDARD_LIBRARIES = YES;
				BUNDLE_LOADER = "$(TEST_HOST)";
				CODE_SIGN_STYLE = Automatic;
				CURRENT_PROJECT_VERSION = 1;
				GENERATE_INFOPLIST_FILE = YES;
				IPHONEOS_DEPLOYMENT_TARGET = 17.0;
				MARKETING_VERSION = 1.0;
				PRODUCT_BUNDLE_IDENTIFIER = eliezer.antonio.NYCSchoolTests;
				PRODUCT_NAME = "$(TARGET_NAME)";
				SWIFT_EMIT_LOC_STRINGS = NO;
				SWIFT_VERSION = 5.0;
				TARGETED_DEVICE_FAMILY = "1,2";
				TEST_HOST = "$(BUILT_PRODUCTS_DIR)/NYCSchool.app/$(BUNDLE_EXECUTABLE_FOLDER_PATH)/NYCSchool";
			};
			name = Release;
		};
		D71794A82AC7080F00F0EA64 /* Debug */ = {
			isa = XCBuildConfiguration;
			buildSettings = {
				ALWAYS_EMBED_SWIFT_STANDARD_LIBRARIES = YES;
				CODE_SIGN_STYLE = Automatic;
				CURRENT_PROJECT_VERSION = 1;
				GENERATE_INFOPLIST_FILE = YES;
				MARKETING_VERSION = 1.0;
				PRODUCT_BUNDLE_IDENTIFIER = eliezer.antonio.NYCSchoolUITests;
				PRODUCT_NAME = "$(TARGET_NAME)";
				SWIFT_EMIT_LOC_STRINGS = NO;
				SWIFT_VERSION = 5.0;
				TARGETED_DEVICE_FAMILY = "1,2";
				TEST_TARGET_NAME = NYCSchool;
			};
			name = Debug;
		};
		D71794A92AC7080F00F0EA64 /* Release */ = {
			isa = XCBuildConfiguration;
			buildSettings = {
				ALWAYS_EMBED_SWIFT_STANDARD_LIBRARIES = YES;
				CODE_SIGN_STYLE = Automatic;
				CURRENT_PROJECT_VERSION = 1;
				GENERATE_INFOPLIST_FILE = YES;
				MARKETING_VERSION = 1.0;
				PRODUCT_BUNDLE_IDENTIFIER = eliezer.antonio.NYCSchoolUITests;
				PRODUCT_NAME = "$(TARGET_NAME)";
				SWIFT_EMIT_LOC_STRINGS = NO;
				SWIFT_VERSION = 5.0;
				TARGETED_DEVICE_FAMILY = "1,2";
				TEST_TARGET_NAME = NYCSchool;
			};
			name = Release;
		};
/* End XCBuildConfiguration section */

/* Begin XCConfigurationList section */
		D71794722AC7080E00F0EA64 /* Build configuration list for PBXProject "NYCSchool" */ = {
			isa = XCConfigurationList;
			buildConfigurations = (
				D717949F2AC7080F00F0EA64 /* Debug */,
				D71794A02AC7080F00F0EA64 /* Release */,
			);
			defaultConfigurationIsVisible = 0;
			defaultConfigurationName = Release;
		};
		D71794A12AC7080F00F0EA64 /* Build configuration list for PBXNativeTarget "NYCSchool" */ = {
			isa = XCConfigurationList;
			buildConfigurations = (
				D71794A22AC7080F00F0EA64 /* Debug */,
				D71794A32AC7080F00F0EA64 /* Release */,
			);
			defaultConfigurationIsVisible = 0;
			defaultConfigurationName = Release;
		};
		D71794A42AC7080F00F0EA64 /* Build configuration list for PBXNativeTarget "NYCSchoolTests" */ = {
			isa = XCConfigurationList;
			buildConfigurations = (
				D71794A52AC7080F00F0EA64 /* Debug */,
				D71794A62AC7080F00F0EA64 /* Release */,
			);
			defaultConfigurationIsVisible = 0;
			defaultConfigurationName = Release;
		};
		D71794A72AC7080F00F0EA64 /* Build configuration list for PBXNativeTarget "NYCSchoolUITests" */ = {
			isa = XCConfigurationList;
			buildConfigurations = (
				D71794A82AC7080F00F0EA64 /* Debug */,
				D71794A92AC7080F00F0EA64 /* Release */,
			);
			defaultConfigurationIsVisible = 0;
			defaultConfigurationName = Release;
		};
/* End XCConfigurationList section */
	};
	rootObject = D717946F2AC7080E00F0EA64 /* Project object */;
}
